
Microsoft Visual Studio Solution File, Format Version 12.00
# Visual Studio Version 16
VisualStudioVersion = 16.0.31112.23
MinimumVisualStudioVersion = 10.0.40219.1
Project("{FAE04EC0-301F-11D3-BF4B-00C04F79EFBC}") = "ConsoleApp1", "ConsoleApp1\ConsoleApp1.csproj", "{B2A4A243-59DA-4CF7-AEA6-EE2B3625F8EF}"
EndProject
Global
	GlobalSection(SolutionConfigurationPlatforms) = preSolution
		Debug|Any CPU = Debug|Any CPU
		Release|Any CPU = Release|Any CPU
	EndGlobalSection
	GlobalSection(ProjectConfigurationPlatforms) = postSolution
		{B2A4A243-59DA-4CF7-AEA6-EE2B3625F8EF}.Debug|Any CPU.ActiveCfg = Debug|Any CPU
		{B2A4A243-59DA-4CF7-AEA6-EE2B3625F8EF}.Debug|Any CPU.Build.0 = Debug|Any CPU
		{B2A4A243-59DA-4CF7-AEA6-EE2B3625F8EF}.Release|Any CPU.ActiveCfg = Release|Any CPU
		{B2A4A243-59DA-4CF7-AEA6-EE2B3625F8EF}.Release|Any CPU.Build.0 = Release|Any CPU
	EndGlobalSection
	GlobalSection(SolutionProperties) = preSolution
		HideSolutionNode = FALSE
	EndGlobalSection
	GlobalSection(ExtensibilityGlobals) = postSolution
		SolutionGuid = {9BF50417-64FD-471C-A67C-75B2BCC8664D}
	EndGlobalSection
EndGlobal
