
Microsoft Visual Studio Solution File, Format Version 12.00
# Visual Studio Version 16
VisualStudioVersion = 16.0.31613.86
MinimumVisualStudioVersion = 10.0.40219.1
Project("{9A19103F-16F7-4668-BE54-9A1E7A4F7556}") = "frmPrincipal", "frmPrincipal\frmPrincipal.csproj", "{1145FA41-A984-4C56-B3FB-F631FB9321E6}"
EndProject
Project("{FAE04EC0-301F-11D3-BF4B-00C04F79EFBC}") = "Entidades", "Entidades\Entidades.csproj", "{8268F590-3F72-4B7C-B140-FEB4812774BD}"
EndProject
Global
	GlobalSection(SolutionConfigurationPlatforms) = preSolution
		Debug|Any CPU = Debug|Any CPU
		Release|Any CPU = Release|Any CPU
	EndGlobalSection
	GlobalSection(ProjectConfigurationPlatforms) = postSolution
		{1145FA41-A984-4C56-B3FB-F631FB9321E6}.Debug|Any CPU.ActiveCfg = Debug|Any CPU
		{1145FA41-A984-4C56-B3FB-F631FB9321E6}.Debug|Any CPU.Build.0 = Debug|Any CPU
		{1145FA41-A984-4C56-B3FB-F631FB9321E6}.Release|Any CPU.ActiveCfg = Release|Any CPU
		{1145FA41-A984-4C56-B3FB-F631FB9321E6}.Release|Any CPU.Build.0 = Release|Any CPU
		{8268F590-3F72-4B7C-B140-FEB4812774BD}.Debug|Any CPU.ActiveCfg = Debug|Any CPU
		{8268F590-3F72-4B7C-B140-FEB4812774BD}.Debug|Any CPU.Build.0 = Debug|Any CPU
		{8268F590-3F72-4B7C-B140-FEB4812774BD}.Release|Any CPU.ActiveCfg = Release|Any CPU
		{8268F590-3F72-4B7C-B140-FEB4812774BD}.Release|Any CPU.Build.0 = Release|Any CPU
	EndGlobalSection
	GlobalSection(SolutionProperties) = preSolution
		HideSolutionNode = FALSE
	EndGlobalSection
	GlobalSection(ExtensibilityGlobals) = postSolution
		SolutionGuid = {27F21EDD-B08C-40B9-A96A-1E096D37E3FF}
	EndGlobalSection
EndGlobal
