
Microsoft Visual Studio Solution File, Format Version 12.00
# Visual Studio Version 16
VisualStudioVersion = 16.0.31613.86
MinimumVisualStudioVersion = 10.0.40219.1
Project("{FAE04EC0-301F-11D3-BF4B-00C04F79EFBC}") = "Top3", "Top3\Top3.csproj", "{2EA7DB3C-C146-477E-9E19-E652F2A16F21}"
EndProject
Global
	GlobalSection(SolutionConfigurationPlatforms) = preSolution
		Debug|Any CPU = Debug|Any CPU
		Release|Any CPU = Release|Any CPU
	EndGlobalSection
	GlobalSection(ProjectConfigurationPlatforms) = postSolution
		{2EA7DB3C-C146-477E-9E19-E652F2A16F21}.Debug|Any CPU.ActiveCfg = Debug|Any CPU
		{2EA7DB3C-C146-477E-9E19-E652F2A16F21}.Debug|Any CPU.Build.0 = Debug|Any CPU
		{2EA7DB3C-C146-477E-9E19-E652F2A16F21}.Release|Any CPU.ActiveCfg = Release|Any CPU
		{2EA7DB3C-C146-477E-9E19-E652F2A16F21}.Release|Any CPU.Build.0 = Release|Any CPU
	EndGlobalSection
	GlobalSection(SolutionProperties) = preSolution
		HideSolutionNode = FALSE
	EndGlobalSection
	GlobalSection(ExtensibilityGlobals) = postSolution
		SolutionGuid = {5F9AA5C4-F153-47D5-8BA1-8AAC7E30D695}
	EndGlobalSection
EndGlobal
