
Microsoft Visual Studio Solution File, Format Version 12.00
# Visual Studio Version 16
VisualStudioVersion = 16.0.31613.86
MinimumVisualStudioVersion = 10.0.40219.1
Project("{FAE04EC0-301F-11D3-BF4B-00C04F79EFBC}") = "Biblioteca", "Biblioteca\Biblioteca.csproj", "{10F2ECE7-E9CE-4A58-BB9D-54B114360786}"
EndProject
Project("{FAE04EC0-301F-11D3-BF4B-00C04F79EFBC}") = "Vista", "Vista\Vista.csproj", "{63EDEE87-0EBE-40F5-965A-0DCECEDA37E9}"
EndProject
Global
	GlobalSection(SolutionConfigurationPlatforms) = preSolution
		Debug|Any CPU = Debug|Any CPU
		Release|Any CPU = Release|Any CPU
	EndGlobalSection
	GlobalSection(ProjectConfigurationPlatforms) = postSolution
		{10F2ECE7-E9CE-4A58-BB9D-54B114360786}.Debug|Any CPU.ActiveCfg = Debug|Any CPU
		{10F2ECE7-E9CE-4A58-BB9D-54B114360786}.Debug|Any CPU.Build.0 = Debug|Any CPU
		{10F2ECE7-E9CE-4A58-BB9D-54B114360786}.Release|Any CPU.ActiveCfg = Release|Any CPU
		{10F2ECE7-E9CE-4A58-BB9D-54B114360786}.Release|Any CPU.Build.0 = Release|Any CPU
		{63EDEE87-0EBE-40F5-965A-0DCECEDA37E9}.Debug|Any CPU.ActiveCfg = Debug|Any CPU
		{63EDEE87-0EBE-40F5-965A-0DCECEDA37E9}.Debug|Any CPU.Build.0 = Debug|Any CPU
		{63EDEE87-0EBE-40F5-965A-0DCECEDA37E9}.Release|Any CPU.ActiveCfg = Release|Any CPU
		{63EDEE87-0EBE-40F5-965A-0DCECEDA37E9}.Release|Any CPU.Build.0 = Release|Any CPU
	EndGlobalSection
	GlobalSection(SolutionProperties) = preSolution
		HideSolutionNode = FALSE
	EndGlobalSection
	GlobalSection(ExtensibilityGlobals) = postSolution
		SolutionGuid = {2CD3FF45-17B4-4620-A4CF-4CD5B8C3D684}
	EndGlobalSection
EndGlobal
